
Microsoft Visual Studio Solution File, Format Version 12.00
# Visual Studio Version 16
VisualStudioVersion = 16.0.29613.14
MinimumVisualStudioVersion = 10.0.40219.1
Project("{9A19103F-16F7-4668-BE54-9A1E7A4F7556}") = "ConsoleApp1", "ConsoleApp1\ConsoleApp1.csproj", "{737522E5-17DE-4B7F-AABE-BEDBDBFFC0C1}"
EndProject
Project("{9A19103F-16F7-4668-BE54-9A1E7A4F7556}") = "WebApplication1", "WebApplication1\WebApplication1.csproj", "{EE8B855F-E811-444B-84A7-DACA7F5FD551}"
EndProject
Project("{FAE04EC0-301F-11D3-BF4B-00C04F79EFBC}") = "ClassLibrary1", "ClassLibrary1\ClassLibrary1.csproj", "{62D7AED7-2D99-4111-9DB2-82D792976534}"
EndProject
Project("{FAE04EC0-301F-11D3-BF4B-00C04F79EFBC}") = "ConsoleAppTrace", "ConsoleAppTrace\ConsoleAppTrace.csproj", "{01D45515-A708-4350-80C2-B294842E314F}"
EndProject
Global
	GlobalSection(SolutionConfigurationPlatforms) = preSolution
		Debug|Any CPU = Debug|Any CPU
		Release|Any CPU = Release|Any CPU
	EndGlobalSection
	GlobalSection(ProjectConfigurationPlatforms) = postSolution
		{737522E5-17DE-4B7F-AABE-BEDBDBFFC0C1}.Debug|Any CPU.ActiveCfg = Debug|Any CPU
		{737522E5-17DE-4B7F-AABE-BEDBDBFFC0C1}.Debug|Any CPU.Build.0 = Debug|Any CPU
		{737522E5-17DE-4B7F-AABE-BEDBDBFFC0C1}.Release|Any CPU.ActiveCfg = Release|Any CPU
		{737522E5-17DE-4B7F-AABE-BEDBDBFFC0C1}.Release|Any CPU.Build.0 = Release|Any CPU
		{EE8B855F-E811-444B-84A7-DACA7F5FD551}.Debug|Any CPU.ActiveCfg = Debug|Any CPU
		{EE8B855F-E811-444B-84A7-DACA7F5FD551}.Debug|Any CPU.Build.0 = Debug|Any CPU
		{EE8B855F-E811-444B-84A7-DACA7F5FD551}.Release|Any CPU.ActiveCfg = Release|Any CPU
		{EE8B855F-E811-444B-84A7-DACA7F5FD551}.Release|Any CPU.Build.0 = Release|Any CPU
		{62D7AED7-2D99-4111-9DB2-82D792976534}.Debug|Any CPU.ActiveCfg = Debug|Any CPU
		{62D7AED7-2D99-4111-9DB2-82D792976534}.Debug|Any CPU.Build.0 = Debug|Any CPU
		{62D7AED7-2D99-4111-9DB2-82D792976534}.Release|Any CPU.ActiveCfg = Release|Any CPU
		{62D7AED7-2D99-4111-9DB2-82D792976534}.Release|Any CPU.Build.0 = Release|Any CPU
		{01D45515-A708-4350-80C2-B294842E314F}.Debug|Any CPU.ActiveCfg = Debug|Any CPU
		{01D45515-A708-4350-80C2-B294842E314F}.Debug|Any CPU.Build.0 = Debug|Any CPU
		{01D45515-A708-4350-80C2-B294842E314F}.Release|Any CPU.ActiveCfg = Release|Any CPU
		{01D45515-A708-4350-80C2-B294842E314F}.Release|Any CPU.Build.0 = Release|Any CPU
	EndGlobalSection
	GlobalSection(SolutionProperties) = preSolution
		HideSolutionNode = FALSE
	EndGlobalSection
	GlobalSection(ExtensibilityGlobals) = postSolution
		SolutionGuid = {C9993985-0DB2-4CCE-93E0-8284700F92BF}
	EndGlobalSection
EndGlobal
